
Microsoft Visual Studio Solution File, Format Version 12.00
# Visual Studio Version 17
VisualStudioVersion = 17.14.36705.20
MinimumVisualStudioVersion = 10.0.40219.1
Project("{FAE04EC0-301F-11D3-BF4B-00C04F79EFBC}") = "PerfilSena.API", "PerfilSena.API\PerfilSena.API.csproj", "{B435E90D-080E-4C6A-B38A-E6765A02E6F8}"
EndProject
Project("{FAE04EC0-301F-11D3-BF4B-00C04F79EFBC}") = "PerfilSena.WEB", "PerfilSena.WEB\PerfilSena.WEB.csproj", "{11E26B70-9DB9-46D7-8EAE-0BA2B385FC8D}"
EndProject
Global
	GlobalSection(SolutionConfigurationPlatforms) = preSolution
		Debug|Any CPU = Debug|Any CPU
		Debug|x64 = Debug|x64
		Debug|x86 = Debug|x86
		Release|Any CPU = Release|Any CPU
		Release|x64 = Release|x64
		Release|x86 = Release|x86
	EndGlobalSection
	GlobalSection(ProjectConfigurationPlatforms) = postSolution
		{B435E90D-080E-4C6A-B38A-E6765A02E6F8}.Debug|Any CPU.ActiveCfg = Debug|Any CPU
		{B435E90D-080E-4C6A-B38A-E6765A02E6F8}.Debug|Any CPU.Build.0 = Debug|Any CPU
		{B435E90D-080E-4C6A-B38A-E6765A02E6F8}.Debug|x64.ActiveCfg = Debug|Any CPU
		{B435E90D-080E-4C6A-B38A-E6765A02E6F8}.Debug|x64.Build.0 = Debug|Any CPU
		{B435E90D-080E-4C6A-B38A-E6765A02E6F8}.Debug|x86.ActiveCfg = Debug|Any CPU
		{B435E90D-080E-4C6A-B38A-E6765A02E6F8}.Debug|x86.Build.0 = Debug|Any CPU
		{B435E90D-080E-4C6A-B38A-E6765A02E6F8}.Release|Any CPU.ActiveCfg = Release|Any CPU
		{B435E90D-080E-4C6A-B38A-E6765A02E6F8}.Release|Any CPU.Build.0 = Release|Any CPU
		{B435E90D-080E-4C6A-B38A-E6765A02E6F8}.Release|x64.ActiveCfg = Release|Any CPU
		{B435E90D-080E-4C6A-B38A-E6765A02E6F8}.Release|x64.Build.0 = Release|Any CPU
		{B435E90D-080E-4C6A-B38A-E6765A02E6F8}.Release|x86.ActiveCfg = Release|Any CPU
		{B435E90D-080E-4C6A-B38A-E6765A02E6F8}.Release|x86.Build.0 = Release|Any CPU
		{11E26B70-9DB9-46D7-8EAE-0BA2B385FC8D}.Debug|Any CPU.ActiveCfg = Debug|Any CPU
		{11E26B70-9DB9-46D7-8EAE-0BA2B385FC8D}.Debug|Any CPU.Build.0 = Debug|Any CPU
		{11E26B70-9DB9-46D7-8EAE-0BA2B385FC8D}.Debug|x64.ActiveCfg = Debug|Any CPU
		{11E26B70-9DB9-46D7-8EAE-0BA2B385FC8D}.Debug|x64.Build.0 = Debug|Any CPU
		{11E26B70-9DB9-46D7-8EAE-0BA2B385FC8D}.Debug|x86.ActiveCfg = Debug|Any CPU
		{11E26B70-9DB9-46D7-8EAE-0BA2B385FC8D}.Debug|x86.Build.0 = Debug|Any CPU
		{11E26B70-9DB9-46D7-8EAE-0BA2B385FC8D}.Release|Any CPU.ActiveCfg = Release|Any CPU
		{11E26B70-9DB9-46D7-8EAE-0BA2B385FC8D}.Release|Any CPU.Build.0 = Release|Any CPU
		{11E26B70-9DB9-46D7-8EAE-0BA2B385FC8D}.Release|x64.ActiveCfg = Release|Any CPU
		{11E26B70-9DB9-46D7-8EAE-0BA2B385FC8D}.Release|x64.Build.0 = Release|Any CPU
		{11E26B70-9DB9-46D7-8EAE-0BA2B385FC8D}.Release|x86.ActiveCfg = Release|Any CPU
		{11E26B70-9DB9-46D7-8EAE-0BA2B385FC8D}.Release|x86.Build.0 = Release|Any CPU
	EndGlobalSection
	GlobalSection(SolutionProperties) = preSolution
		HideSolutionNode = FALSE
	EndGlobalSection
	GlobalSection(ExtensibilityGlobals) = postSolution
		SolutionGuid = {ECFF3C3C-5412-4622-B992-B27CD9825631}
	EndGlobalSection
EndGlobal
